
Microsoft Visual Studio Solution File, Format Version 12.00
# Visual Studio Version 17
VisualStudioVersion = 17.7.34221.43
MinimumVisualStudioVersion = 10.0.40219.1
Project("{9A19103F-16F7-4668-BE54-9A1E7A4F7556}") = "AvScanner.Api", "AvScanner.Api\AvScanner.Api.csproj", "{D4CBDE48-4A17-4D1B-A6AB-A435A71991DA}"
EndProject
Project("{9A19103F-16F7-4668-BE54-9A1E7A4F7556}") = "AvScanner.Application", "AvScanner.Application\AvScanner.Application.csproj", "{579C7017-F7EA-490B-9FF4-E5A42DD7354B}"
EndProject
Project("{9A19103F-16F7-4668-BE54-9A1E7A4F7556}") = "AvScanner.IoC", "AvScanner.IoC\AvScanner.IoC.csproj", "{D3AC86FA-DCA5-4713-BA2F-C02EA0EC4D7C}"
EndProject
Project("{2150E333-8FDC-42A3-9474-1A3956D46DE8}") = "Solution Items", "Solution Items", "{DE5A7A01-43E3-4635-83E2-06B8B9549D6F}"
	ProjectSection(SolutionItems) = preProject
		clamd.conf = clamd.conf
		Dockerfile = Dockerfile
		README.md = README.md
	EndProjectSection
EndProject
Project("{9A19103F-16F7-4668-BE54-9A1E7A4F7556}") = "AvScanner.Validation", "AvScanner.Validation\AvScanner.Validation.csproj", "{E63A40B1-D31E-4649-BFF1-F262D8142C25}"
EndProject
Project("{9A19103F-16F7-4668-BE54-9A1E7A4F7556}") = "Common.Util", "Common.Util\Common.Util.csproj", "{E2DB7FA5-35AA-455D-AC52-6E1FCEA9B4B4}"
EndProject
Project("{2150E333-8FDC-42A3-9474-1A3956D46DE8}") = "DevOps", "DevOps", "{EF81AA41-4CDE-4FB2-9C4F-09A6287B39AB}"
	ProjectSection(SolutionItems) = preProject
		build.pipeline.yml = build.pipeline.yml
		nuget.config = nuget.config
	EndProjectSection
EndProject
Global
	GlobalSection(SolutionConfigurationPlatforms) = preSolution
		Debug|Any CPU = Debug|Any CPU
		Release|Any CPU = Release|Any CPU
	EndGlobalSection
	GlobalSection(ProjectConfigurationPlatforms) = postSolution
		{D4CBDE48-4A17-4D1B-A6AB-A435A71991DA}.Debug|Any CPU.ActiveCfg = Debug|Any CPU
		{D4CBDE48-4A17-4D1B-A6AB-A435A71991DA}.Debug|Any CPU.Build.0 = Debug|Any CPU
		{D4CBDE48-4A17-4D1B-A6AB-A435A71991DA}.Release|Any CPU.ActiveCfg = Release|Any CPU
		{D4CBDE48-4A17-4D1B-A6AB-A435A71991DA}.Release|Any CPU.Build.0 = Release|Any CPU
		{579C7017-F7EA-490B-9FF4-E5A42DD7354B}.Debug|Any CPU.ActiveCfg = Debug|Any CPU
		{579C7017-F7EA-490B-9FF4-E5A42DD7354B}.Debug|Any CPU.Build.0 = Debug|Any CPU
		{579C7017-F7EA-490B-9FF4-E5A42DD7354B}.Release|Any CPU.ActiveCfg = Release|Any CPU
		{579C7017-F7EA-490B-9FF4-E5A42DD7354B}.Release|Any CPU.Build.0 = Release|Any CPU
		{D3AC86FA-DCA5-4713-BA2F-C02EA0EC4D7C}.Debug|Any CPU.ActiveCfg = Debug|Any CPU
		{D3AC86FA-DCA5-4713-BA2F-C02EA0EC4D7C}.Debug|Any CPU.Build.0 = Debug|Any CPU
		{D3AC86FA-DCA5-4713-BA2F-C02EA0EC4D7C}.Release|Any CPU.ActiveCfg = Release|Any CPU
		{D3AC86FA-DCA5-4713-BA2F-C02EA0EC4D7C}.Release|Any CPU.Build.0 = Release|Any CPU
		{E63A40B1-D31E-4649-BFF1-F262D8142C25}.Debug|Any CPU.ActiveCfg = Debug|Any CPU
		{E63A40B1-D31E-4649-BFF1-F262D8142C25}.Debug|Any CPU.Build.0 = Debug|Any CPU
		{E63A40B1-D31E-4649-BFF1-F262D8142C25}.Release|Any CPU.ActiveCfg = Release|Any CPU
		{E63A40B1-D31E-4649-BFF1-F262D8142C25}.Release|Any CPU.Build.0 = Release|Any CPU
		{E2DB7FA5-35AA-455D-AC52-6E1FCEA9B4B4}.Debug|Any CPU.ActiveCfg = Debug|Any CPU
		{E2DB7FA5-35AA-455D-AC52-6E1FCEA9B4B4}.Debug|Any CPU.Build.0 = Debug|Any CPU
		{E2DB7FA5-35AA-455D-AC52-6E1FCEA9B4B4}.Release|Any CPU.ActiveCfg = Release|Any CPU
		{E2DB7FA5-35AA-455D-AC52-6E1FCEA9B4B4}.Release|Any CPU.Build.0 = Release|Any CPU
	EndGlobalSection
	GlobalSection(SolutionProperties) = preSolution
		HideSolutionNode = FALSE
	EndGlobalSection
	GlobalSection(ExtensibilityGlobals) = postSolution
		SolutionGuid = {0E4F8A70-226C-4C31-AEBB-B2A30B2B7523}
	EndGlobalSection
EndGlobal
